
Microsoft Visual Studio Solution File, Format Version 12.00
# Visual Studio Version 17
VisualStudioVersion = 17.11.35312.102
MinimumVisualStudioVersion = 10.0.40219.1
Project("{9A19103F-16F7-4668-BE54-9A1E7A4F7556}") = "TCPDataValidator", "TCPDataValidator.csproj", "{7010499F-EBEC-4538-BFB3-FA1644E7F27A}"
EndProject
Project("{FAE04EC0-301F-11D3-BF4B-00C04F79EFBC}") = "TestProject1", "TestProject1\TestProject1.csproj", "{A6FF0330-CE48-4AC7-9D59-75B04132A68C}"
EndProject
Global
	GlobalSection(SolutionConfigurationPlatforms) = preSolution
		Debug|Any CPU = Debug|Any CPU
		Release|Any CPU = Release|Any CPU
	EndGlobalSection
	GlobalSection(ProjectConfigurationPlatforms) = postSolution
		{7010499F-EBEC-4538-BFB3-FA1644E7F27A}.Debug|Any CPU.ActiveCfg = Debug|Any CPU
		{7010499F-EBEC-4538-BFB3-FA1644E7F27A}.Debug|Any CPU.Build.0 = Debug|Any CPU
		{7010499F-EBEC-4538-BFB3-FA1644E7F27A}.Release|Any CPU.ActiveCfg = Release|Any CPU
		{7010499F-EBEC-4538-BFB3-FA1644E7F27A}.Release|Any CPU.Build.0 = Release|Any CPU
		{A6FF0330-CE48-4AC7-9D59-75B04132A68C}.Debug|Any CPU.ActiveCfg = Debug|Any CPU
		{A6FF0330-CE48-4AC7-9D59-75B04132A68C}.Debug|Any CPU.Build.0 = Debug|Any CPU
		{A6FF0330-CE48-4AC7-9D59-75B04132A68C}.Release|Any CPU.ActiveCfg = Release|Any CPU
		{A6FF0330-CE48-4AC7-9D59-75B04132A68C}.Release|Any CPU.Build.0 = Release|Any CPU
	EndGlobalSection
	GlobalSection(SolutionProperties) = preSolution
		HideSolutionNode = FALSE
	EndGlobalSection
	GlobalSection(ExtensibilityGlobals) = postSolution
		SolutionGuid = {6D450CAF-D418-4AF4-A54D-22D86BD756D8}
	EndGlobalSection
EndGlobal
